// !$*UTF8*$!
{
	archiveVersion = 1;
	classes = {
	};
	objectVersion = 46;
	objects = {

/* Begin PBXBuildFile section */
		3DA0C2E619F1B8B30077A7DC /* main.m in Sources */ = {isa = PBXBuildFile; fileRef = 3DA0C2E519F1B8B30077A7DC /* main.m */; };
		3DA0C2E919F1B8B30077A7DC /* AppDelegate.m in Sources */ = {isa = PBXBuildFile; fileRef = 3DA0C2E819F1B8B30077A7DC /* AppDelegate.m */; };
		3DA0C2EC19F1B8B30077A7DC /* ViewController.m in Sources */ = {isa = PBXBuildFile; fileRef = 3DA0C2EB19F1B8B30077A7DC /* ViewController.m */; };
		3DA0C2EF19F1B8B30077A7DC /* Main.storyboard in Resources */ = {isa = PBXBuildFile; fileRef = 3DA0C2ED19F1B8B30077A7DC /* Main.storyboard */; };
		3DA0C2F119F1B8B30077A7DC /* Images.xcassets in Resources */ = {isa = PBXBuildFile; fileRef = 3DA0C2F019F1B8B30077A7DC /* Images.xcassets */; };
		3DA0C2F419F1B8B30077A7DC /* LaunchScreen.xib in Resources */ = {isa = PBXBuildFile; fileRef = 3DA0C2F219F1B8B30077A7DC /* LaunchScreen.xib */; };
		3DA0C30019F1B8B30077A7DC /* KeyboardListenerTests.m in Sources */ = {isa = PBXBuildFile; fileRef = 3DA0C2FF19F1B8B30077A7DC /* KeyboardListenerTests.m */; };
		3DA0C30C19F1B8E60077A7DC /* KWKeyboardListener.m in Sources */ = {isa = PBXBuildFile; fileRef = 3DA0C30B19F1B8E60077A7DC /* KWKeyboardListener.m */; };
/* End PBXBuildFile section */

/* Begin PBXContainerItemProxy section */
		3DA0C2FA19F1B8B30077A7DC /* PBXContainerItemProxy */ = {
			isa = PBXContainerItemProxy;
			containerPortal = 3DA0C2D819F1B8B30077A7DC /* Project object */;
			proxyType = 1;
			remoteGlobalIDString = 3DA0C2DF19F1B8B30077A7DC;
			remoteInfo = KeyboardListener;
		};
/* End PBXContainerItemProxy section */

/* Begin PBXFileReference section */
		3DA0C2E019F1B8B30077A7DC /* KeyboardListener.app */ = {isa = PBXFileReference; explicitFileType = wrapper.application; includeInIndex = 0; path = KeyboardListener.app; sourceTree = BUILT_PRODUCTS_DIR; };
		3DA0C2E419F1B8B30077A7DC /* Info.plist */ = {isa = PBXFileReference; lastKnownFileType = text.plist.xml; path = Info.plist; sourceTree = "<group>"; };
		3DA0C2E519F1B8B30077A7DC /* main.m */ = {isa = PBXFileReference; lastKnownFileType = sourcecode.c.objc; path = main.m; sourceTree = "<group>"; };
		3DA0C2E719F1B8B30077A7DC /* AppDelegate.h */ = {isa = PBXFileReference; lastKnownFileType = sourcecode.c.h; path = AppDelegate.h; sourceTree = "<group>"; };
		3DA0C2E819F1B8B30077A7DC /* AppDelegate.m */ = {isa = PBXFileReference; lastKnownFileType = sourcecode.c.objc; path = AppDelegate.m; sourceTree = "<group>"; };
		3DA0C2EA19F1B8B30077A7DC /* ViewController.h */ = {isa = PBXFileReference; lastKnownFileType = sourcecode.c.h; path = ViewController.h; sourceTree = "<group>"; };
		3DA0C2EB19F1B8B30077A7DC /* ViewController.m */ = {isa = PBXFileReference; lastKnownFileType = sourcecode.c.objc; path = ViewController.m; sourceTree = "<group>"; };
		3DA0C2EE19F1B8B30077A7DC /* Base */ = {isa = PBXFileReference; lastKnownFileType = file.storyboard; name = Base; path = Base.lproj/Main.storyboard; sourceTree = "<group>"; };
		3DA0C2F019F1B8B30077A7DC /* Images.xcassets */ = {isa = PBXFileReference; lastKnownFileType = folder.assetcatalog; path = Images.xcassets; sourceTree = "<group>"; };
		3DA0C2F319F1B8B30077A7DC /* Base */ = {isa = PBXFileReference; lastKnownFileType = file.xib; name = Base; path = Base.lproj/LaunchScreen.xib; sourceTree = "<group>"; };
		3DA0C2F919F1B8B30077A7DC /* KeyboardListenerTests.xctest */ = {isa = PBXFileReference; explicitFileType = wrapper.cfbundle; includeInIndex = 0; path = KeyboardListenerTests.xctest; sourceTree = BUILT_PRODUCTS_DIR; };
		3DA0C2FE19F1B8B30077A7DC /* Info.plist */ = {isa = PBXFileReference; lastKnownFileType = text.plist.xml; path = Info.plist; sourceTree = "<group>"; };
		3DA0C2FF19F1B8B30077A7DC /* KeyboardListenerTests.m */ = {isa = PBXFileReference; lastKnownFileType = sourcecode.c.objc; path = KeyboardListenerTests.m; sourceTree = "<group>"; };
		3DA0C30A19F1B8E60077A7DC /* KWKeyboardListener.h */ = {isa = PBXFileReference; fileEncoding = 4; lastKnownFileType = sourcecode.c.h; path = KWKeyboardListener.h; sourceTree = "<group>"; };
		3DA0C30B19F1B8E60077A7DC /* KWKeyboardListener.m */ = {isa = PBXFileReference; fileEncoding = 4; lastKnownFileType = sourcecode.c.objc; path = KWKeyboardListener.m; sourceTree = "<group>"; };
/* End PBXFileReference section */

/* Begin PBXFrameworksBuildPhase section */
		3DA0C2DD19F1B8B30077A7DC /* Frameworks */ = {
			isa = PBXFrameworksBuildPhase;
			buildActionMask = 2147483647;
			files = (
			);
			runOnlyForDeploymentPostprocessing = 0;
		};
		3DA0C2F619F1B8B30077A7DC /* Frameworks */ = {
			isa = PBXFrameworksBuildPhase;
			buildActionMask = 2147483647;
			files = (
			);
			runOnlyForDeploymentPostprocessing = 0;
		};
/* End PBXFrameworksBuildPhase section */

/* Begin PBXGroup section */
		3DA0C2D719F1B8B30077A7DC = {
			isa = PBXGroup;
			children = (
				3DA0C2E219F1B8B30077A7DC /* KeyboardListener */,
				3DA0C2FC19F1B8B30077A7DC /* KeyboardListenerTests */,
				3DA0C2E119F1B8B30077A7DC /* Products */,
			);
			sourceTree = "<group>";
		};
		3DA0C2E119F1B8B30077A7DC /* Products */ = {
			isa = PBXGroup;
			children = (
				3DA0C2E019F1B8B30077A7DC /* KeyboardListener.app */,
				3DA0C2F919F1B8B30077A7DC /* KeyboardListenerTests.xctest */,
			);
			name = Products;
			sourceTree = "<group>";
		};
		3DA0C2E219F1B8B30077A7DC /* KeyboardListener */ = {
			isa = PBXGroup;
			children = (
				3DA0C30919F1B8C70077A7DC /* KWKeyboardListener */,
				3DA0C2E719F1B8B30077A7DC /* AppDelegate.h */,
				3DA0C2E819F1B8B30077A7DC /* AppDelegate.m */,
				3DA0C2EA19F1B8B30077A7DC /* ViewController.h */,
				3DA0C2EB19F1B8B30077A7DC /* ViewController.m */,
				3DA0C2ED19F1B8B30077A7DC /* Main.storyboard */,
				3DA0C2F019F1B8B30077A7DC /* Images.xcassets */,
				3DA0C2F219F1B8B30077A7DC /* LaunchScreen.xib */,
				3DA0C2E319F1B8B30077A7DC /* Supporting Files */,
			);
			path = KeyboardListener;
			sourceTree = "<group>";
		};
		3DA0C2E319F1B8B30077A7DC /* Supporting Files */ = {
			isa = PBXGroup;
			children = (
				3DA0C2E419F1B8B30077A7DC /* Info.plist */,
				3DA0C2E519F1B8B30077A7DC /* main.m */,
			);
			name = "Supporting Files";
			sourceTree = "<group>";
		};
		3DA0C2FC19F1B8B30077A7DC /* KeyboardListenerTests */ = {
			isa = PBXGroup;
			children = (
				3DA0C2FF19F1B8B30077A7DC /* KeyboardListenerTests.m */,
				3DA0C2FD19F1B8B30077A7DC /* Supporting Files */,
			);
			path = KeyboardListenerTests;
			sourceTree = "<group>";
		};
		3DA0C2FD19F1B8B30077A7DC /* Supporting Files */ = {
			isa = PBXGroup;
			children = (
				3DA0C2FE19F1B8B30077A7DC /* Info.plist */,
			);
			name = "Supporting Files";
			sourceTree = "<group>";
		};
		3DA0C30919F1B8C70077A7DC /* KWKeyboardListener */ = {
			isa = PBXGroup;
			children = (
				3DA0C30A19F1B8E60077A7DC /* KWKeyboardListener.h */,
				3DA0C30B19F1B8E60077A7DC /* KWKeyboardListener.m */,
			);
			path = KWKeyboardListener;
			sourceTree = "<group>";
		};
/* End PBXGroup section */

/* Begin PBXNativeTarget section */
		3DA0C2DF19F1B8B30077A7DC /* KeyboardListener */ = {
			isa = PBXNativeTarget;
			buildConfigurationList = 3DA0C30319F1B8B30077A7DC /* Build configuration list for PBXNativeTarget "KeyboardListener" */;
			buildPhases = (
				3DA0C2DC19F1B8B30077A7DC /* Sources */,
				3DA0C2DD19F1B8B30077A7DC /* Frameworks */,
				3DA0C2DE19F1B8B30077A7DC /* Resources */,
			);
			buildRules = (
			);
			dependencies = (
			);
			name = KeyboardListener;
			productName = KeyboardListener;
			productReference = 3DA0C2E019F1B8B30077A7DC /* KeyboardListener.app */;
			productType = "com.apple.product-type.application";
		};
		3DA0C2F819F1B8B30077A7DC /* KeyboardListenerTests */ = {
			isa = PBXNativeTarget;
			buildConfigurationList = 3DA0C30619F1B8B30077A7DC /* Build configuration list for PBXNativeTarget "KeyboardListenerTests" */;
			buildPhases = (
				3DA0C2F519F1B8B30077A7DC /* Sources */,
				3DA0C2F619F1B8B30077A7DC /* Frameworks */,
				3DA0C2F719F1B8B30077A7DC /* Resources */,
			);
			buildRules = (
			);
			dependencies = (
				3DA0C2FB19F1B8B30077A7DC /* PBXTargetDependency */,
			);
			name = KeyboardListenerTests;
			productName = KeyboardListenerTests;
			productReference = 3DA0C2F919F1B8B30077A7DC /* KeyboardListenerTests.xctest */;
			productType = "com.apple.product-type.bundle.unit-test";
		};
/* End PBXNativeTarget section */

/* Begin PBXProject section */
		3DA0C2D819F1B8B30077A7DC /* Project object */ = {
			isa = PBXProject;
			attributes = {
				CLASSPREFIX = KW;
				LastUpgradeCheck = 0600;
				ORGANIZATIONNAME = "Kwarter Inc.";
				TargetAttributes = {
					3DA0C2DF19F1B8B30077A7DC = {
						CreatedOnToolsVersion = 6.0.1;
					};
					3DA0C2F819F1B8B30077A7DC = {
						CreatedOnToolsVersion = 6.0.1;
						TestTargetID = 3DA0C2DF19F1B8B30077A7DC;
					};
				};
			};
			buildConfigurationList = 3DA0C2DB19F1B8B30077A7DC /* Build configuration list for PBXProject "KeyboardListener" */;
			compatibilityVersion = "Xcode 3.2";
			developmentRegion = English;
			hasScannedForEncodings = 0;
			knownRegions = (
				en,
				Base,
			);
			mainGroup = 3DA0C2D719F1B8B30077A7DC;
			productRefGroup = 3DA0C2E119F1B8B30077A7DC /* Products */;
			projectDirPath = "";
			projectRoot = "";
			targets = (
				3DA0C2DF19F1B8B30077A7DC /* KeyboardListener */,
				3DA0C2F819F1B8B30077A7DC /* KeyboardListenerTests */,
			);
		};
/* End PBXProject section */

/* Begin PBXResourcesBuildPhase section */
		3DA0C2DE19F1B8B30077A7DC /* Resources */ = {
			isa = PBXResourcesBuildPhase;
			buildActionMask = 2147483647;
			files = (
				3DA0C2EF19F1B8B30077A7DC /* Main.storyboard in Resources */,
				3DA0C2F419F1B8B30077A7DC /* LaunchScreen.xib in Resources */,
				3DA0C2F119F1B8B30077A7DC /* Images.xcassets in Resources */,
			);
			runOnlyForDeploymentPostprocessing = 0;
		};
		3DA0C2F719F1B8B30077A7DC /* Resources */ = {
			isa = PBXResourcesBuildPhase;
			buildActionMask = 2147483647;
			files = (
			);
			runOnlyForDeploymentPostprocessing = 0;
		};
/* End PBXResourcesBuildPhase section */

/* Begin PBXSourcesBuildPhase section */
		3DA0C2DC19F1B8B30077A7DC /* Sources */ = {
			isa = PBXSourcesBuildPhase;
			buildActionMask = 2147483647;
			files = (
				3DA0C30C19F1B8E60077A7DC /* KWKeyboardListener.m in Sources */,
				3DA0C2EC19F1B8B30077A7DC /* ViewController.m in Sources */,
				3DA0C2E919F1B8B30077A7DC /* AppDelegate.m in Sources */,
				3DA0C2E619F1B8B30077A7DC /* main.m in Sources */,
			);
			runOnlyForDeploymentPostprocessing = 0;
		};
		3DA0C2F519F1B8B30077A7DC /* Sources */ = {
			isa = PBXSourcesBuildPhase;
			buildActionMask = 2147483647;
			files = (
				3DA0C30019F1B8B30077A7DC /* KeyboardListenerTests.m in Sources */,
			);
			runOnlyForDeploymentPostprocessing = 0;
		};
/* End PBXSourcesBuildPhase section */

/* Begin PBXTargetDependency section */
		3DA0C2FB19F1B8B30077A7DC /* PBXTargetDependency */ = {
			isa = PBXTargetDependency;
			target = 3DA0C2DF19F1B8B30077A7DC /* KeyboardListener */;
			targetProxy = 3DA0C2FA19F1B8B30077A7DC /* PBXContainerItemProxy */;
		};
/* End PBXTargetDependency section */

/* Begin PBXVariantGroup section */
		3DA0C2ED19F1B8B30077A7DC /* Main.storyboard */ = {
			isa = PBXVariantGroup;
			children = (
				3DA0C2EE19F1B8B30077A7DC /* Base */,
			);
			name = Main.storyboard;
			sourceTree = "<group>";
		};
		3DA0C2F219F1B8B30077A7DC /* LaunchScreen.xib */ = {
			isa = PBXVariantGroup;
			children = (
				3DA0C2F319F1B8B30077A7DC /* Base */,
			);
			name = LaunchScreen.xib;
			sourceTree = "<group>";
		};
/* End PBXVariantGroup section */

/* Begin XCBuildConfiguration section */
		3DA0C30119F1B8B30077A7DC /* Debug */ = {
			isa = XCBuildConfiguration;
			buildSettings = {
				ALWAYS_SEARCH_USER_PATHS = NO;
				CLANG_CXX_LANGUAGE_STANDARD = "gnu++0x";
				CLANG_CXX_LIBRARY = "libc++";
				CLANG_ENABLE_MODULES = YES;
				CLANG_ENABLE_OBJC_ARC = YES;
				CLANG_WARN_BOOL_CONVERSION = YES;
				CLANG_WARN_CONSTANT_CONVERSION = YES;
				CLANG_WARN_DIRECT_OBJC_ISA_USAGE = YES_ERROR;
				CLANG_WARN_EMPTY_BODY = YES;
				CLANG_WARN_ENUM_CONVERSION = YES;
				CLANG_WARN_INT_CONVERSION = YES;
				CLANG_WARN_OBJC_ROOT_CLASS = YES_ERROR;
				CLANG_WARN_UNREACHABLE_CODE = YES;
				CLANG_WARN__DUPLICATE_METHOD_MATCH = YES;
				"CODE_SIGN_IDENTITY[sdk=iphoneos*]" = "iPhone Developer";
				COPY_PHASE_STRIP = NO;
				ENABLE_STRICT_OBJC_MSGSEND = YES;
				GCC_C_LANGUAGE_STANDARD = gnu99;
				GCC_DYNAMIC_NO_PIC = NO;
				GCC_OPTIMIZATION_LEVEL = 0;
				GCC_PREPROCESSOR_DEFINITIONS = (
					"DEBUG=1",
					"$(inherited)",
				);
				GCC_SYMBOLS_PRIVATE_EXTERN = NO;
				GCC_WARN_64_TO_32_BIT_CONVERSION = YES;
				GCC_WARN_ABOUT_RETURN_TYPE = YES_ERROR;
				GCC_WARN_UNDECLARED_SELECTOR = YES;
				GCC_WARN_UNINITIALIZED_AUTOS = YES_AGGRESSIVE;
				GCC_WARN_UNUSED_FUNCTION = YES;
				GCC_WARN_UNUSED_VARIABLE = YES;
				IPHONEOS_DEPLOYMENT_TARGET = 8.0;
				MTL_ENABLE_DEBUG_INFO = YES;
				ONLY_ACTIVE_ARCH = YES;
				SDKROOT = iphoneos;
			};
			name = Debug;
		};
		3DA0C30219F1B8B30077A7DC /* Release */ = {
			isa = XCBuildConfiguration;
			buildSettings = {
				ALWAYS_SEARCH_USER_PATHS = NO;
				CLANG_CXX_LANGUAGE_STANDARD = "gnu++0x";
				CLANG_CXX_LIBRARY = "libc++";
				CLANG_ENABLE_MODULES = YES;
				CLANG_ENABLE_OBJC_ARC = YES;
				CLANG_WARN_BOOL_CONVERSION = YES;
				CLANG_WARN_CONSTANT_CONVERSION = YES;
				CLANG_WARN_DIRECT_OBJC_ISA_USAGE = YES_ERROR;
				CLANG_WARN_EMPTY_BODY = YES;
				CLANG_WARN_ENUM_CONVERSION = YES;
				CLANG_WARN_INT_CONVERSION = YES;
				CLANG_WARN_OBJC_ROOT_CLASS = YES_ERROR;
				CLANG_WARN_UNREACHABLE_CODE = YES;
				CLANG_WARN__DUPLICATE_METHOD_MATCH = YES;
				"CODE_SIGN_IDENTITY[sdk=iphoneos*]" = "iPhone Developer";
				COPY_PHASE_STRIP = YES;
				ENABLE_NS_ASSERTIONS = NO;
				ENABLE_STRICT_OBJC_MSGSEND = YES;
				GCC_C_LANGUAGE_STANDARD = gnu99;
				GCC_WARN_64_TO_32_BIT_CONVERSION = YES;
				GCC_WARN_ABOUT_RETURN_TYPE = YES_ERROR;
				GCC_WARN_UNDECLARED_SELECTOR = YES;
				GCC_WARN_UNINITIALIZED_AUTOS = YES_AGGRESSIVE;
				GCC_WARN_UNUSED_FUNCTION = YES;
				GCC_WARN_UNUSED_VARIABLE = YES;
				IPHONEOS_DEPLOYMENT_TARGET = 8.0;
				MTL_ENABLE_DEBUG_INFO = NO;
				SDKROOT = iphoneos;
				VALIDATE_PRODUCT = YES;
			};
			name = Release;
		};
		3DA0C30419F1B8B30077A7DC /* Debug */ = {
			isa = XCBuildConfiguration;
			buildSettings = {
				ASSETCATALOG_COMPILER_APPICON_NAME = AppIcon;
				INFOPLIST_FILE = KeyboardListener/Info.plist;
				LD_RUNPATH_SEARCH_PATHS = "$(inherited) @executable_path/Frameworks";
				PRODUCT_NAME = "$(TARGET_NAME)";
			};
			name = Debug;
		};
		3DA0C30519F1B8B30077A7DC /* Release */ = {
			isa = XCBuildConfiguration;
			buildSettings = {
				ASSETCATALOG_COMPILER_APPICON_NAME = AppIcon;
				INFOPLIST_FILE = KeyboardListener/Info.plist;
				LD_RUNPATH_SEARCH_PATHS = "$(inherited) @executable_path/Frameworks";
				PRODUCT_NAME = "$(TARGET_NAME)";
			};
			name = Release;
		};
		3DA0C30719F1B8B30077A7DC /* Debug */ = {
			isa = XCBuildConfiguration;
			buildSettings = {
				BUNDLE_LOADER = "$(TEST_HOST)";
				FRAMEWORK_SEARCH_PATHS = (
					"$(SDKROOT)/Developer/Library/Frameworks",
					"$(inherited)",
				);
				GCC_PREPROCESSOR_DEFINITIONS = (
					"DEBUG=1",
					"$(inherited)",
				);
				INFOPLIST_FILE = KeyboardListenerTests/Info.plist;
				LD_RUNPATH_SEARCH_PATHS = "$(inherited) @executable_path/Frameworks @loader_path/Frameworks";
				PRODUCT_NAME = "$(TARGET_NAME)";
				TEST_HOST = "$(BUILT_PRODUCTS_DIR)/KeyboardListener.app/KeyboardListener";
			};
			name = Debug;
		};
		3DA0C30819F1B8B30077A7DC /* Release */ = {
			isa = XCBuildConfiguration;
			buildSettings = {
				BUNDLE_LOADER = "$(TEST_HOST)";
				FRAMEWORK_SEARCH_PATHS = (
					"$(SDKROOT)/Developer/Library/Frameworks",
					"$(inherited)",
				);
				INFOPLIST_FILE = KeyboardListenerTests/Info.plist;
				LD_RUNPATH_SEARCH_PATHS = "$(inherited) @executable_path/Frameworks @loader_path/Frameworks";
				PRODUCT_NAME = "$(TARGET_NAME)";
				TEST_HOST = "$(BUILT_PRODUCTS_DIR)/KeyboardListener.app/KeyboardListener";
			};
			name = Release;
		};
/* End XCBuildConfiguration section */

/* Begin XCConfigurationList section */
		3DA0C2DB19F1B8B30077A7DC /* Build configuration list for PBXProject "KeyboardListener" */ = {
			isa = XCConfigurationList;
			buildConfigurations = (
				3DA0C30119F1B8B30077A7DC /* Debug */,
				3DA0C30219F1B8B30077A7DC /* Release */,
			);
			defaultConfigurationIsVisible = 0;
			defaultConfigurationName = Release;
		};
		3DA0C30319F1B8B30077A7DC /* Build configuration list for PBXNativeTarget "KeyboardListener" */ = {
			isa = XCConfigurationList;
			buildConfigurations = (
				3DA0C30419F1B8B30077A7DC /* Debug */,
				3DA0C30519F1B8B30077A7DC /* Release */,
			);
			defaultConfigurationIsVisible = 0;
		};
		3DA0C30619F1B8B30077A7DC /* Build configuration list for PBXNativeTarget "KeyboardListenerTests" */ = {
			isa = XCConfigurationList;
			buildConfigurations = (
				3DA0C30719F1B8B30077A7DC /* Debug */,
				3DA0C30819F1B8B30077A7DC /* Release */,
			);
			defaultConfigurationIsVisible = 0;
		};
/* End XCConfigurationList section */
	};
	rootObject = 3DA0C2D819F1B8B30077A7DC /* Project object */;
}
